
Microsoft Visual Studio Solution File, Format Version 12.00
# Visual Studio Version 17
VisualStudioVersion = 17.4.33213.308
MinimumVisualStudioVersion = 10.0.40219.1
Project("{9A19103F-16F7-4668-BE54-9A1E7A4F7556}") = "Vet", "Vet\Vet.csproj", "{1E276399-8234-443A-9438-959D89470580}"
EndProject
Project("{FAE04EC0-301F-11D3-BF4B-00C04F79EFBC}") = "Dal", "Dal\Dal.csproj", "{1DB038A6-D5ED-4777-90A3-D5DBFDD581B2}"
EndProject
Project("{FAE04EC0-301F-11D3-BF4B-00C04F79EFBC}") = "Entities", "Entities\Entities.csproj", "{680F4A9A-E7E7-4BF2-82E1-9D8B4F9FF9EC}"
EndProject
Global
	GlobalSection(SolutionConfigurationPlatforms) = preSolution
		Debug|Any CPU = Debug|Any CPU
		Release|Any CPU = Release|Any CPU
	EndGlobalSection
	GlobalSection(ProjectConfigurationPlatforms) = postSolution
		{1E276399-8234-443A-9438-959D89470580}.Debug|Any CPU.ActiveCfg = Debug|Any CPU
		{1E276399-8234-443A-9438-959D89470580}.Debug|Any CPU.Build.0 = Debug|Any CPU
		{1E276399-8234-443A-9438-959D89470580}.Release|Any CPU.ActiveCfg = Release|Any CPU
		{1E276399-8234-443A-9438-959D89470580}.Release|Any CPU.Build.0 = Release|Any CPU
		{1DB038A6-D5ED-4777-90A3-D5DBFDD581B2}.Debug|Any CPU.ActiveCfg = Debug|Any CPU
		{1DB038A6-D5ED-4777-90A3-D5DBFDD581B2}.Debug|Any CPU.Build.0 = Debug|Any CPU
		{1DB038A6-D5ED-4777-90A3-D5DBFDD581B2}.Release|Any CPU.ActiveCfg = Release|Any CPU
		{1DB038A6-D5ED-4777-90A3-D5DBFDD581B2}.Release|Any CPU.Build.0 = Release|Any CPU
		{680F4A9A-E7E7-4BF2-82E1-9D8B4F9FF9EC}.Debug|Any CPU.ActiveCfg = Debug|Any CPU
		{680F4A9A-E7E7-4BF2-82E1-9D8B4F9FF9EC}.Debug|Any CPU.Build.0 = Debug|Any CPU
		{680F4A9A-E7E7-4BF2-82E1-9D8B4F9FF9EC}.Release|Any CPU.ActiveCfg = Release|Any CPU
		{680F4A9A-E7E7-4BF2-82E1-9D8B4F9FF9EC}.Release|Any CPU.Build.0 = Release|Any CPU
	EndGlobalSection
	GlobalSection(SolutionProperties) = preSolution
		HideSolutionNode = FALSE
	EndGlobalSection
	GlobalSection(ExtensibilityGlobals) = postSolution
		SolutionGuid = {1DD4A441-A733-47A8-80ED-93A1DDCB7DE5}
	EndGlobalSection
EndGlobal
